
Microsoft Visual Studio Solution File, Format Version 12.00
# Visual Studio Version 16
VisualStudioVersion = 16.0.29911.84
MinimumVisualStudioVersion = 10.0.40219.1
Project("{8BC9CEB8-8B4A-11D0-8D11-00A0C91BC942}") = "ZombieWar", "ZombieWar.vcxproj", "{FB7FAEBD-AC73-4E88-B658-9E88396DB24B}"
EndProject
Global
	GlobalSection(SolutionConfigurationPlatforms) = preSolution
		Debug|x64 = Debug|x64
		Debug|x86 = Debug|x86
		Release|x64 = Release|x64
		Release|x86 = Release|x86
	EndGlobalSection
	GlobalSection(ProjectConfigurationPlatforms) = postSolution
		{FB7FAEBD-AC73-4E88-B658-9E88396DB24B}.Debug|x64.ActiveCfg = Debug|x64
		{FB7FAEBD-AC73-4E88-B658-9E88396DB24B}.Debug|x64.Build.0 = Debug|x64
		{FB7FAEBD-AC73-4E88-B658-9E88396DB24B}.Debug|x86.ActiveCfg = Debug|Win32
		{FB7FAEBD-AC73-4E88-B658-9E88396DB24B}.Debug|x86.Build.0 = Debug|Win32
		{FB7FAEBD-AC73-4E88-B658-9E88396DB24B}.Release|x64.ActiveCfg = Release|x64
		{FB7FAEBD-AC73-4E88-B658-9E88396DB24B}.Release|x64.Build.0 = Release|x64
		{FB7FAEBD-AC73-4E88-B658-9E88396DB24B}.Release|x86.ActiveCfg = Release|Win32
		{FB7FAEBD-AC73-4E88-B658-9E88396DB24B}.Release|x86.Build.0 = Release|Win32
	EndGlobalSection
	GlobalSection(SolutionProperties) = preSolution
		HideSolutionNode = FALSE
	EndGlobalSection
	GlobalSection(ExtensibilityGlobals) = postSolution
		SolutionGuid = {7B85D41E-7AD9-4F9F-8663-B0A310CC9F82}
	EndGlobalSection
EndGlobal
